
Microsoft Visual Studio Solution File, Format Version 12.00
# Visual Studio 14
VisualStudioVersion = 14.0.24720.0
MinimumVisualStudioVersion = 10.0.40219.1
Project("{F2A71F9B-5D33-465A-A702-920D77279786}") = "Networking", "Networking\Networking.fsproj", "{3DAC205E-17D7-47FC-8C32-F6DE53F22612}"
EndProject
Project("{FAE04EC0-301F-11D3-BF4B-00C04F79EFBC}") = "WiDroid", "WiDroid\WiDroid.csproj", "{93D617C1-320B-46D0-A1BB-B8B61E8F60BF}"
EndProject
Global
	GlobalSection(SolutionConfigurationPlatforms) = preSolution
		Debug|Any CPU = Debug|Any CPU
		Release|Any CPU = Release|Any CPU
	EndGlobalSection
	GlobalSection(ProjectConfigurationPlatforms) = postSolution
		{3DAC205E-17D7-47FC-8C32-F6DE53F22612}.Debug|Any CPU.ActiveCfg = Debug|Any CPU
		{3DAC205E-17D7-47FC-8C32-F6DE53F22612}.Debug|Any CPU.Build.0 = Debug|Any CPU
		{3DAC205E-17D7-47FC-8C32-F6DE53F22612}.Release|Any CPU.ActiveCfg = Release|Any CPU
		{3DAC205E-17D7-47FC-8C32-F6DE53F22612}.Release|Any CPU.Build.0 = Release|Any CPU
		{93D617C1-320B-46D0-A1BB-B8B61E8F60BF}.Debug|Any CPU.ActiveCfg = Debug|Any CPU
		{93D617C1-320B-46D0-A1BB-B8B61E8F60BF}.Debug|Any CPU.Build.0 = Debug|Any CPU
		{93D617C1-320B-46D0-A1BB-B8B61E8F60BF}.Release|Any CPU.ActiveCfg = Release|Any CPU
		{93D617C1-320B-46D0-A1BB-B8B61E8F60BF}.Release|Any CPU.Build.0 = Release|Any CPU
	EndGlobalSection
	GlobalSection(SolutionProperties) = preSolution
		HideSolutionNode = FALSE
	EndGlobalSection
EndGlobal
